#-----------------------------------#
# Ignora todos os testes do pacote  #
#-----------------------------------#
br\.com\.ricardolonga\.compras\.tests\..*

#-----------------------------------#
# Ignora todos os testes do projeto #
#-----------------------------------#
#.*

#-----------------------------------#
# Ignora as classes abaixo 		    #
#-----------------------------------#
#.*ProdutoServiceTest